
Microsoft Visual Studio Solution File, Format Version 12.00
# Visual Studio Version 17
VisualStudioVersion = 17.14.36518.9 d17.14
MinimumVisualStudioVersion = 10.0.40219.1
Project("{FAE04EC0-301F-11D3-BF4B-00C04F79EFBC}") = "JE", "JE\JE.csproj", "{593C09B8-8D2A-424E-8A17-A7BD98A3AA96}"
EndProject
Global
	GlobalSection(SolutionConfigurationPlatforms) = preSolution
		Debug|Any CPU = Debug|Any CPU
		Release|Any CPU = Release|Any CPU
	EndGlobalSection
	GlobalSection(ProjectConfigurationPlatforms) = postSolution
		{593C09B8-8D2A-424E-8A17-A7BD98A3AA96}.Debug|Any CPU.ActiveCfg = Debug|Any CPU
		{593C09B8-8D2A-424E-8A17-A7BD98A3AA96}.Debug|Any CPU.Build.0 = Debug|Any CPU
		{593C09B8-8D2A-424E-8A17-A7BD98A3AA96}.Release|Any CPU.ActiveCfg = Release|Any CPU
		{593C09B8-8D2A-424E-8A17-A7BD98A3AA96}.Release|Any CPU.Build.0 = Release|Any CPU
	EndGlobalSection
	GlobalSection(SolutionProperties) = preSolution
		HideSolutionNode = FALSE
	EndGlobalSection
	GlobalSection(ExtensibilityGlobals) = postSolution
		SolutionGuid = {AE441F33-5C63-43C2-BBA1-6946090C5D73}
	EndGlobalSection
EndGlobal
